// !$*UTF8*$!
{
	archiveVersion = 1;
	classes = {
	};
	objectVersion = 55;
	objects = {

/* Begin PBXBuildFile section */
		973939352789FF7C006695AC /* PSEUnofficialTests.swift in Sources */ = {isa = PBXBuildFile; fileRef = 973939342789FF7C006695AC /* PSEUnofficialTests.swift */; };
		9739393F2789FF7C006695AC /* PSEUnofficialUITests.swift in Sources */ = {isa = PBXBuildFile; fileRef = 9739393E2789FF7C006695AC /* PSEUnofficialUITests.swift */; };
		973939412789FF7C006695AC /* PSEUnofficialUITestsLaunchTests.swift in Sources */ = {isa = PBXBuildFile; fileRef = 973939402789FF7C006695AC /* PSEUnofficialUITestsLaunchTests.swift */; };
		973939532789FFED006695AC /* Assets.xcassets in Resources */ = {isa = PBXBuildFile; fileRef = 9739394E2789FFED006695AC /* Assets.xcassets */; };
		973939542789FFED006695AC /* Preview Assets.xcassets in Resources */ = {isa = PBXBuildFile; fileRef = 973939502789FFED006695AC /* Preview Assets.xcassets */; };
		973939552789FFED006695AC /* PSEUnofficialApp.swift in Sources */ = {isa = PBXBuildFile; fileRef = 973939512789FFED006695AC /* PSEUnofficialApp.swift */; };
		973939562789FFED006695AC /* ContentView.swift in Sources */ = {isa = PBXBuildFile; fileRef = 973939522789FFED006695AC /* ContentView.swift */; };
/* End PBXBuildFile section */

/* Begin PBXContainerItemProxy section */
		973939312789FF7C006695AC /* PBXContainerItemProxy */ = {
			isa = PBXContainerItemProxy;
			containerPortal = 973939182789FF79006695AC /* Project object */;
			proxyType = 1;
			remoteGlobalIDString = 9739391F2789FF79006695AC;
			remoteInfo = PSEUnofficial;
		};
		9739393B2789FF7C006695AC /* PBXContainerItemProxy */ = {
			isa = PBXContainerItemProxy;
			containerPortal = 973939182789FF79006695AC /* Project object */;
			proxyType = 1;
			remoteGlobalIDString = 9739391F2789FF79006695AC;
			remoteInfo = PSEUnofficial;
		};
/* End PBXContainerItemProxy section */

/* Begin PBXFileReference section */
		973939202789FF79006695AC /* PSEUnofficial.app */ = {isa = PBXFileReference; explicitFileType = wrapper.application; includeInIndex = 0; path = PSEUnofficial.app; sourceTree = BUILT_PRODUCTS_DIR; };
		973939302789FF7C006695AC /* PSEUnofficialTests.xctest */ = {isa = PBXFileReference; explicitFileType = wrapper.cfbundle; includeInIndex = 0; path = PSEUnofficialTests.xctest; sourceTree = BUILT_PRODUCTS_DIR; };
		973939342789FF7C006695AC /* PSEUnofficialTests.swift */ = {isa = PBXFileReference; lastKnownFileType = sourcecode.swift; path = PSEUnofficialTests.swift; sourceTree = "<group>"; };
		9739393A2789FF7C006695AC /* PSEUnofficialUITests.xctest */ = {isa = PBXFileReference; explicitFileType = wrapper.cfbundle; includeInIndex = 0; path = PSEUnofficialUITests.xctest; sourceTree = BUILT_PRODUCTS_DIR; };
		9739393E2789FF7C006695AC /* PSEUnofficialUITests.swift */ = {isa = PBXFileReference; lastKnownFileType = sourcecode.swift; path = PSEUnofficialUITests.swift; sourceTree = "<group>"; };
		973939402789FF7C006695AC /* PSEUnofficialUITestsLaunchTests.swift */ = {isa = PBXFileReference; lastKnownFileType = sourcecode.swift; path = PSEUnofficialUITestsLaunchTests.swift; sourceTree = "<group>"; };
		9739394E2789FFED006695AC /* Assets.xcassets */ = {isa = PBXFileReference; lastKnownFileType = folder.assetcatalog; path = Assets.xcassets; sourceTree = "<group>"; };
		973939502789FFED006695AC /* Preview Assets.xcassets */ = {isa = PBXFileReference; lastKnownFileType = folder.assetcatalog; path = "Preview Assets.xcassets"; sourceTree = "<group>"; };
		973939512789FFED006695AC /* PSEUnofficialApp.swift */ = {isa = PBXFileReference; fileEncoding = 4; lastKnownFileType = sourcecode.swift; path = PSEUnofficialApp.swift; sourceTree = "<group>"; };
		973939522789FFED006695AC /* ContentView.swift */ = {isa = PBXFileReference; fileEncoding = 4; lastKnownFileType = sourcecode.swift; path = ContentView.swift; sourceTree = "<group>"; };
/* End PBXFileReference section */

/* Begin PBXFrameworksBuildPhase section */
		9739391D2789FF79006695AC /* Frameworks */ = {
			isa = PBXFrameworksBuildPhase;
			buildActionMask = 2147483647;
			files = (
			);
			runOnlyForDeploymentPostprocessing = 0;
		};
		9739392D2789FF7C006695AC /* Frameworks */ = {
			isa = PBXFrameworksBuildPhase;
			buildActionMask = 2147483647;
			files = (
			);
			runOnlyForDeploymentPostprocessing = 0;
		};
		973939372789FF7C006695AC /* Frameworks */ = {
			isa = PBXFrameworksBuildPhase;
			buildActionMask = 2147483647;
			files = (
			);
			runOnlyForDeploymentPostprocessing = 0;
		};
/* End PBXFrameworksBuildPhase section */

/* Begin PBXGroup section */
		973939172789FF79006695AC = {
			isa = PBXGroup;
			children = (
				9739394D2789FFED006695AC /* Sources */,
				973939332789FF7C006695AC /* PSEUnofficialTests */,
				9739393D2789FF7C006695AC /* PSEUnofficialUITests */,
				973939212789FF79006695AC /* Products */,
			);
			sourceTree = "<group>";
		};
		973939212789FF79006695AC /* Products */ = {
			isa = PBXGroup;
			children = (
				973939202789FF79006695AC /* PSEUnofficial.app */,
				973939302789FF7C006695AC /* PSEUnofficialTests.xctest */,
				9739393A2789FF7C006695AC /* PSEUnofficialUITests.xctest */,
			);
			name = Products;
			sourceTree = "<group>";
		};
		973939332789FF7C006695AC /* PSEUnofficialTests */ = {
			isa = PBXGroup;
			children = (
				973939342789FF7C006695AC /* PSEUnofficialTests.swift */,
			);
			path = PSEUnofficialTests;
			sourceTree = "<group>";
		};
		9739393D2789FF7C006695AC /* PSEUnofficialUITests */ = {
			isa = PBXGroup;
			children = (
				9739393E2789FF7C006695AC /* PSEUnofficialUITests.swift */,
				973939402789FF7C006695AC /* PSEUnofficialUITestsLaunchTests.swift */,
			);
			path = PSEUnofficialUITests;
			sourceTree = "<group>";
		};
		9739394D2789FFED006695AC /* Sources */ = {
			isa = PBXGroup;
			children = (
				9739394E2789FFED006695AC /* Assets.xcassets */,
				9739394F2789FFED006695AC /* Preview Content */,
				973939512789FFED006695AC /* PSEUnofficialApp.swift */,
				973939522789FFED006695AC /* ContentView.swift */,
			);
			path = Sources;
			sourceTree = "<group>";
		};
		9739394F2789FFED006695AC /* Preview Content */ = {
			isa = PBXGroup;
			children = (
				973939502789FFED006695AC /* Preview Assets.xcassets */,
			);
			path = "Preview Content";
			sourceTree = "<group>";
		};
/* End PBXGroup section */

/* Begin PBXNativeTarget section */
		9739391F2789FF79006695AC /* PSEUnofficial */ = {
			isa = PBXNativeTarget;
			buildConfigurationList = 973939442789FF7C006695AC /* Build configuration list for PBXNativeTarget "PSEUnofficial" */;
			buildPhases = (
				9739391C2789FF79006695AC /* Sources */,
				9739391D2789FF79006695AC /* Frameworks */,
				9739391E2789FF79006695AC /* Resources */,
			);
			buildRules = (
			);
			dependencies = (
			);
			name = PSEUnofficial;
			productName = PSEUnofficial;
			productReference = 973939202789FF79006695AC /* PSEUnofficial.app */;
			productType = "com.apple.product-type.application";
		};
		9739392F2789FF7C006695AC /* PSEUnofficialTests */ = {
			isa = PBXNativeTarget;
			buildConfigurationList = 973939472789FF7C006695AC /* Build configuration list for PBXNativeTarget "PSEUnofficialTests" */;
			buildPhases = (
				9739392C2789FF7C006695AC /* Sources */,
				9739392D2789FF7C006695AC /* Frameworks */,
				9739392E2789FF7C006695AC /* Resources */,
			);
			buildRules = (
			);
			dependencies = (
				973939322789FF7C006695AC /* PBXTargetDependency */,
			);
			name = PSEUnofficialTests;
			productName = PSEUnofficialTests;
			productReference = 973939302789FF7C006695AC /* PSEUnofficialTests.xctest */;
			productType = "com.apple.product-type.bundle.unit-test";
		};
		973939392789FF7C006695AC /* PSEUnofficialUITests */ = {
			isa = PBXNativeTarget;
			buildConfigurationList = 9739394A2789FF7C006695AC /* Build configuration list for PBXNativeTarget "PSEUnofficialUITests" */;
			buildPhases = (
				973939362789FF7C006695AC /* Sources */,
				973939372789FF7C006695AC /* Frameworks */,
				973939382789FF7C006695AC /* Resources */,
			);
			buildRules = (
			);
			dependencies = (
				9739393C2789FF7C006695AC /* PBXTargetDependency */,
			);
			name = PSEUnofficialUITests;
			productName = PSEUnofficialUITests;
			productReference = 9739393A2789FF7C006695AC /* PSEUnofficialUITests.xctest */;
			productType = "com.apple.product-type.bundle.ui-testing";
		};
/* End PBXNativeTarget section */

/* Begin PBXProject section */
		973939182789FF79006695AC /* Project object */ = {
			isa = PBXProject;
			attributes = {
				BuildIndependentTargetsInParallel = 1;
				LastSwiftUpdateCheck = 1310;
				LastUpgradeCheck = 1310;
				TargetAttributes = {
					9739391F2789FF79006695AC = {
						CreatedOnToolsVersion = 13.1;
					};
					9739392F2789FF7C006695AC = {
						CreatedOnToolsVersion = 13.1;
						TestTargetID = 9739391F2789FF79006695AC;
					};
					973939392789FF7C006695AC = {
						CreatedOnToolsVersion = 13.1;
						TestTargetID = 9739391F2789FF79006695AC;
					};
				};
			};
			buildConfigurationList = 9739391B2789FF79006695AC /* Build configuration list for PBXProject "PSEUnofficial" */;
			compatibilityVersion = "Xcode 13.0";
			developmentRegion = en;
			hasScannedForEncodings = 0;
			knownRegions = (
				en,
				Base,
			);
			mainGroup = 973939172789FF79006695AC;
			productRefGroup = 973939212789FF79006695AC /* Products */;
			projectDirPath = "";
			projectRoot = "";
			targets = (
				9739391F2789FF79006695AC /* PSEUnofficial */,
				9739392F2789FF7C006695AC /* PSEUnofficialTests */,
				973939392789FF7C006695AC /* PSEUnofficialUITests */,
			);
		};
/* End PBXProject section */

/* Begin PBXResourcesBuildPhase section */
		9739391E2789FF79006695AC /* Resources */ = {
			isa = PBXResourcesBuildPhase;
			buildActionMask = 2147483647;
			files = (
				973939542789FFED006695AC /* Preview Assets.xcassets in Resources */,
				973939532789FFED006695AC /* Assets.xcassets in Resources */,
			);
			runOnlyForDeploymentPostprocessing = 0;
		};
		9739392E2789FF7C006695AC /* Resources */ = {
			isa = PBXResourcesBuildPhase;
			buildActionMask = 2147483647;
			files = (
			);
			runOnlyForDeploymentPostprocessing = 0;
		};
		973939382789FF7C006695AC /* Resources */ = {
			isa = PBXResourcesBuildPhase;
			buildActionMask = 2147483647;
			files = (
			);
			runOnlyForDeploymentPostprocessing = 0;
		};
/* End PBXResourcesBuildPhase section */

/* Begin PBXSourcesBuildPhase section */
		9739391C2789FF79006695AC /* Sources */ = {
			isa = PBXSourcesBuildPhase;
			buildActionMask = 2147483647;
			files = (
				973939562789FFED006695AC /* ContentView.swift in Sources */,
				973939552789FFED006695AC /* PSEUnofficialApp.swift in Sources */,
			);
			runOnlyForDeploymentPostprocessing = 0;
		};
		9739392C2789FF7C006695AC /* Sources */ = {
			isa = PBXSourcesBuildPhase;
			buildActionMask = 2147483647;
			files = (
				973939352789FF7C006695AC /* PSEUnofficialTests.swift in Sources */,
			);
			runOnlyForDeploymentPostprocessing = 0;
		};
		973939362789FF7C006695AC /* Sources */ = {
			isa = PBXSourcesBuildPhase;
			buildActionMask = 2147483647;
			files = (
				9739393F2789FF7C006695AC /* PSEUnofficialUITests.swift in Sources */,
				973939412789FF7C006695AC /* PSEUnofficialUITestsLaunchTests.swift in Sources */,
			);
			runOnlyForDeploymentPostprocessing = 0;
		};
/* End PBXSourcesBuildPhase section */

/* Begin PBXTargetDependency section */
		973939322789FF7C006695AC /* PBXTargetDependency */ = {
			isa = PBXTargetDependency;
			target = 9739391F2789FF79006695AC /* PSEUnofficial */;
			targetProxy = 973939312789FF7C006695AC /* PBXContainerItemProxy */;
		};
		9739393C2789FF7C006695AC /* PBXTargetDependency */ = {
			isa = PBXTargetDependency;
			target = 9739391F2789FF79006695AC /* PSEUnofficial */;
			targetProxy = 9739393B2789FF7C006695AC /* PBXContainerItemProxy */;
		};
/* End PBXTargetDependency section */

/* Begin XCBuildConfiguration section */
		973939422789FF7C006695AC /* Debug */ = {
			isa = XCBuildConfiguration;
			buildSettings = {
				ALWAYS_SEARCH_USER_PATHS = NO;
				CLANG_ANALYZER_NONNULL = YES;
				CLANG_ANALYZER_NUMBER_OBJECT_CONVERSION = YES_AGGRESSIVE;
				CLANG_CXX_LANGUAGE_STANDARD = "gnu++17";
				CLANG_CXX_LIBRARY = "libc++";
				CLANG_ENABLE_MODULES = YES;
				CLANG_ENABLE_OBJC_ARC = YES;
				CLANG_ENABLE_OBJC_WEAK = YES;
				CLANG_WARN_BLOCK_CAPTURE_AUTORELEASING = YES;
				CLANG_WARN_BOOL_CONVERSION = YES;
				CLANG_WARN_COMMA = YES;
				CLANG_WARN_CONSTANT_CONVERSION = YES;
				CLANG_WARN_DEPRECATED_OBJC_IMPLEMENTATIONS = YES;
				CLANG_WARN_DIRECT_OBJC_ISA_USAGE = YES_ERROR;
				CLANG_WARN_DOCUMENTATION_COMMENTS = YES;
				CLANG_WARN_EMPTY_BODY = YES;
				CLANG_WARN_ENUM_CONVERSION = YES;
				CLANG_WARN_INFINITE_RECURSION = YES;
				CLANG_WARN_INT_CONVERSION = YES;
				CLANG_WARN_NON_LITERAL_NULL_CONVERSION = YES;
				CLANG_WARN_OBJC_IMPLICIT_RETAIN_SELF = YES;
				CLANG_WARN_OBJC_LITERAL_CONVERSION = YES;
				CLANG_WARN_OBJC_ROOT_CLASS = YES_ERROR;
				CLANG_WARN_QUOTED_INCLUDE_IN_FRAMEWORK_HEADER = YES;
				CLANG_WARN_RANGE_LOOP_ANALYSIS = YES;
				CLANG_WARN_STRICT_PROTOTYPES = YES;
				CLANG_WARN_SUSPICIOUS_MOVE = YES;
				CLANG_WARN_UNGUARDED_AVAILABILITY = YES_AGGRESSIVE;
				CLANG_WARN_UNREACHABLE_CODE = YES;
				CLANG_WARN__DUPLICATE_METHOD_MATCH = YES;
				COPY_PHASE_STRIP = NO;
				DEBUG_INFORMATION_FORMAT = dwarf;
				ENABLE_STRICT_OBJC_MSGSEND = YES;
				ENABLE_TESTABILITY = YES;
				GCC_C_LANGUAGE_STANDARD = gnu11;
				GCC_DYNAMIC_NO_PIC = NO;
				GCC_NO_COMMON_BLOCKS = YES;
				GCC_OPTIMIZATION_LEVEL = 0;
				GCC_PREPROCESSOR_DEFINITIONS = (
					"DEBUG=1",
					"$(inherited)",
				);
				GCC_WARN_64_TO_32_BIT_CONVERSION = YES;
				GCC_WARN_ABOUT_RETURN_TYPE = YES_ERROR;
				GCC_WARN_UNDECLARED_SELECTOR = YES;
				GCC_WARN_UNINITIALIZED_AUTOS = YES_AGGRESSIVE;
				GCC_WARN_UNUSED_FUNCTION = YES;
				GCC_WARN_UNUSED_VARIABLE = YES;
				IPHONEOS_DEPLOYMENT_TARGET = 15.0;
				MTL_ENABLE_DEBUG_INFO = INCLUDE_SOURCE;
				MTL_FAST_MATH = YES;
				ONLY_ACTIVE_ARCH = YES;
				SDKROOT = iphoneos;
				SWIFT_ACTIVE_COMPILATION_CONDITIONS = DEBUG;
				SWIFT_OPTIMIZATION_LEVEL = "-Onone";
			};
			name = Debug;
		};
		973939432789FF7C006695AC /* Release */ = {
			isa = XCBuildConfiguration;
			buildSettings = {
				ALWAYS_SEARCH_USER_PATHS = NO;
				CLANG_ANALYZER_NONNULL = YES;
				CLANG_ANALYZER_NUMBER_OBJECT_CONVERSION = YES_AGGRESSIVE;
				CLANG_CXX_LANGUAGE_STANDARD = "gnu++17";
				CLANG_CXX_LIBRARY = "libc++";
				CLANG_ENABLE_MODULES = YES;
				CLANG_ENABLE_OBJC_ARC = YES;
				CLANG_ENABLE_OBJC_WEAK = YES;
				CLANG_WARN_BLOCK_CAPTURE_AUTORELEASING = YES;
				CLANG_WARN_BOOL_CONVERSION = YES;
				CLANG_WARN_COMMA = YES;
				CLANG_WARN_CONSTANT_CONVERSION = YES;
				CLANG_WARN_DEPRECATED_OBJC_IMPLEMENTATIONS = YES;
				CLANG_WARN_DIRECT_OBJC_ISA_USAGE = YES_ERROR;
				CLANG_WARN_DOCUMENTATION_COMMENTS = YES;
				CLANG_WARN_EMPTY_BODY = YES;
				CLANG_WARN_ENUM_CONVERSION = YES;
				CLANG_WARN_INFINITE_RECURSION = YES;
				CLANG_WARN_INT_CONVERSION = YES;
				CLANG_WARN_NON_LITERAL_NULL_CONVERSION = YES;
				CLANG_WARN_OBJC_IMPLICIT_RETAIN_SELF = YES;
				CLANG_WARN_OBJC_LITERAL_CONVERSION = YES;
				CLANG_WARN_OBJC_ROOT_CLASS = YES_ERROR;
				CLANG_WARN_QUOTED_INCLUDE_IN_FRAMEWORK_HEADER = YES;
				CLANG_WARN_RANGE_LOOP_ANALYSIS = YES;
				CLANG_WARN_STRICT_PROTOTYPES = YES;
				CLANG_WARN_SUSPICIOUS_MOVE = YES;
				CLANG_WARN_UNGUARDED_AVAILABILITY = YES_AGGRESSIVE;
				CLANG_WARN_UNREACHABLE_CODE = YES;
				CLANG_WARN__DUPLICATE_METHOD_MATCH = YES;
				COPY_PHASE_STRIP = NO;
				DEBUG_INFORMATION_FORMAT = "dwarf-with-dsym";
				ENABLE_NS_ASSERTIONS = NO;
				ENABLE_STRICT_OBJC_MSGSEND = YES;
				GCC_C_LANGUAGE_STANDARD = gnu11;
				GCC_NO_COMMON_BLOCKS = YES;
				GCC_WARN_64_TO_32_BIT_CONVERSION = YES;
				GCC_WARN_ABOUT_RETURN_TYPE = YES_ERROR;
				GCC_WARN_UNDECLARED_SELECTOR = YES;
				GCC_WARN_UNINITIALIZED_AUTOS = YES_AGGRESSIVE;
				GCC_WARN_UNUSED_FUNCTION = YES;
				GCC_WARN_UNUSED_VARIABLE = YES;
				IPHONEOS_DEPLOYMENT_TARGET = 15.0;
				MTL_ENABLE_DEBUG_INFO = NO;
				MTL_FAST_MATH = YES;
				SDKROOT = iphoneos;
				SWIFT_COMPILATION_MODE = wholemodule;
				SWIFT_OPTIMIZATION_LEVEL = "-O";
				VALIDATE_PRODUCT = YES;
			};
			name = Release;
		};
		973939452789FF7C006695AC /* Debug */ = {
			isa = XCBuildConfiguration;
			buildSettings = {
				ASSETCATALOG_COMPILER_APPICON_NAME = AppIcon;
				ASSETCATALOG_COMPILER_GLOBAL_ACCENT_COLOR_NAME = AccentColor;
				CODE_SIGN_STYLE = Automatic;
				CURRENT_PROJECT_VERSION = 1;
				DEVELOPMENT_TEAM = F8MY77QSLQ;
				ENABLE_PREVIEWS = YES;
				GENERATE_INFOPLIST_FILE = YES;
				INFOPLIST_KEY_UIApplicationSceneManifest_Generation = YES;
				INFOPLIST_KEY_UIApplicationSupportsIndirectInputEvents = YES;
				INFOPLIST_KEY_UILaunchScreen_Generation = YES;
				INFOPLIST_KEY_UISupportedInterfaceOrientations_iPad = "UIInterfaceOrientationPortrait UIInterfaceOrientationPortraitUpsideDown UIInterfaceOrientationLandscapeLeft UIInterfaceOrientationLandscapeRight";
				INFOPLIST_KEY_UISupportedInterfaceOrientations_iPhone = "UIInterfaceOrientationPortrait UIInterfaceOrientationLandscapeLeft UIInterfaceOrientationLandscapeRight";
				LD_RUNPATH_SEARCH_PATHS = (
					"$(inherited)",
					"@executable_path/Frameworks",
				);
				MARKETING_VERSION = 1.0;
				PRODUCT_BUNDLE_IDENTIFIER = pl.msut.PSEUnofficial;
				PRODUCT_NAME = "$(TARGET_NAME)";
				SWIFT_EMIT_LOC_STRINGS = YES;
				SWIFT_VERSION = 5.0;
				TARGETED_DEVICE_FAMILY = "1,2";
			};
			name = Debug;
		};
		973939462789FF7C006695AC /* Release */ = {
			isa = XCBuildConfiguration;
			buildSettings = {
				ASSETCATALOG_COMPILER_APPICON_NAME = AppIcon;
				ASSETCATALOG_COMPILER_GLOBAL_ACCENT_COLOR_NAME = AccentColor;
				CODE_SIGN_STYLE = Automatic;
				CURRENT_PROJECT_VERSION = 1;
				DEVELOPMENT_TEAM = F8MY77QSLQ;
				ENABLE_PREVIEWS = YES;
				GENERATE_INFOPLIST_FILE = YES;
				INFOPLIST_KEY_UIApplicationSceneManifest_Generation = YES;
				INFOPLIST_KEY_UIApplicationSupportsIndirectInputEvents = YES;
				INFOPLIST_KEY_UILaunchScreen_Generation = YES;
				INFOPLIST_KEY_UISupportedInterfaceOrientations_iPad = "UIInterfaceOrientationPortrait UIInterfaceOrientationPortraitUpsideDown UIInterfaceOrientationLandscapeLeft UIInterfaceOrientationLandscapeRight";
				INFOPLIST_KEY_UISupportedInterfaceOrientations_iPhone = "UIInterfaceOrientationPortrait UIInterfaceOrientationLandscapeLeft UIInterfaceOrientationLandscapeRight";
				LD_RUNPATH_SEARCH_PATHS = (
					"$(inherited)",
					"@executable_path/Frameworks",
				);
				MARKETING_VERSION = 1.0;
				PRODUCT_BUNDLE_IDENTIFIER = pl.msut.PSEUnofficial;
				PRODUCT_NAME = "$(TARGET_NAME)";
				SWIFT_EMIT_LOC_STRINGS = YES;
				SWIFT_VERSION = 5.0;
				TARGETED_DEVICE_FAMILY = "1,2";
			};
			name = Release;
		};
		973939482789FF7C006695AC /* Debug */ = {
			isa = XCBuildConfiguration;
			buildSettings = {
				ALWAYS_EMBED_SWIFT_STANDARD_LIBRARIES = YES;
				BUNDLE_LOADER = "$(TEST_HOST)";
				CODE_SIGN_STYLE = Automatic;
				CURRENT_PROJECT_VERSION = 1;
				DEVELOPMENT_TEAM = F8MY77QSLQ;
				GENERATE_INFOPLIST_FILE = YES;
				IPHONEOS_DEPLOYMENT_TARGET = 15.0;
				LD_RUNPATH_SEARCH_PATHS = (
					"$(inherited)",
					"@executable_path/Frameworks",
					"@loader_path/Frameworks",
				);
				MARKETING_VERSION = 1.0;
				PRODUCT_BUNDLE_IDENTIFIER = pl.msut.PSEUnofficialTests;
				PRODUCT_NAME = "$(TARGET_NAME)";
				SWIFT_EMIT_LOC_STRINGS = NO;
				SWIFT_VERSION = 5.0;
				TARGETED_DEVICE_FAMILY = "1,2";
				TEST_HOST = "$(BUILT_PRODUCTS_DIR)/PSEUnofficial.app/PSEUnofficial";
			};
			name = Debug;
		};
		973939492789FF7C006695AC /* Release */ = {
			isa = XCBuildConfiguration;
			buildSettings = {
				ALWAYS_EMBED_SWIFT_STANDARD_LIBRARIES = YES;
				BUNDLE_LOADER = "$(TEST_HOST)";
				CODE_SIGN_STYLE = Automatic;
				CURRENT_PROJECT_VERSION = 1;
				DEVELOPMENT_TEAM = F8MY77QSLQ;
				GENERATE_INFOPLIST_FILE = YES;
				IPHONEOS_DEPLOYMENT_TARGET = 15.0;
				LD_RUNPATH_SEARCH_PATHS = (
					"$(inherited)",
					"@executable_path/Frameworks",
					"@loader_path/Frameworks",
				);
				MARKETING_VERSION = 1.0;
				PRODUCT_BUNDLE_IDENTIFIER = pl.msut.PSEUnofficialTests;
				PRODUCT_NAME = "$(TARGET_NAME)";
				SWIFT_EMIT_LOC_STRINGS = NO;
				SWIFT_VERSION = 5.0;
				TARGETED_DEVICE_FAMILY = "1,2";
				TEST_HOST = "$(BUILT_PRODUCTS_DIR)/PSEUnofficial.app/PSEUnofficial";
			};
			name = Release;
		};
		9739394B2789FF7C006695AC /* Debug */ = {
			isa = XCBuildConfiguration;
			buildSettings = {
				ALWAYS_EMBED_SWIFT_STANDARD_LIBRARIES = YES;
				CODE_SIGN_STYLE = Automatic;
				CURRENT_PROJECT_VERSION = 1;
				DEVELOPMENT_TEAM = F8MY77QSLQ;
				GENERATE_INFOPLIST_FILE = YES;
				LD_RUNPATH_SEARCH_PATHS = (
					"$(inherited)",
					"@executable_path/Frameworks",
					"@loader_path/Frameworks",
				);
				MARKETING_VERSION = 1.0;
				PRODUCT_BUNDLE_IDENTIFIER = pl.msut.PSEUnofficialUITests;
				PRODUCT_NAME = "$(TARGET_NAME)";
				SWIFT_EMIT_LOC_STRINGS = NO;
				SWIFT_VERSION = 5.0;
				TARGETED_DEVICE_FAMILY = "1,2";
				TEST_TARGET_NAME = PSEUnofficial;
			};
			name = Debug;
		};
		9739394C2789FF7C006695AC /* Release */ = {
			isa = XCBuildConfiguration;
			buildSettings = {
				ALWAYS_EMBED_SWIFT_STANDARD_LIBRARIES = YES;
				CODE_SIGN_STYLE = Automatic;
				CURRENT_PROJECT_VERSION = 1;
				DEVELOPMENT_TEAM = F8MY77QSLQ;
				GENERATE_INFOPLIST_FILE = YES;
				LD_RUNPATH_SEARCH_PATHS = (
					"$(inherited)",
					"@executable_path/Frameworks",
					"@loader_path/Frameworks",
				);
				MARKETING_VERSION = 1.0;
				PRODUCT_BUNDLE_IDENTIFIER = pl.msut.PSEUnofficialUITests;
				PRODUCT_NAME = "$(TARGET_NAME)";
				SWIFT_EMIT_LOC_STRINGS = NO;
				SWIFT_VERSION = 5.0;
				TARGETED_DEVICE_FAMILY = "1,2";
				TEST_TARGET_NAME = PSEUnofficial;
			};
			name = Release;
		};
/* End XCBuildConfiguration section */

/* Begin XCConfigurationList section */
		9739391B2789FF79006695AC /* Build configuration list for PBXProject "PSEUnofficial" */ = {
			isa = XCConfigurationList;
			buildConfigurations = (
				973939422789FF7C006695AC /* Debug */,
				973939432789FF7C006695AC /* Release */,
			);
			defaultConfigurationIsVisible = 0;
			defaultConfigurationName = Release;
		};
		973939442789FF7C006695AC /* Build configuration list for PBXNativeTarget "PSEUnofficial" */ = {
			isa = XCConfigurationList;
			buildConfigurations = (
				973939452789FF7C006695AC /* Debug */,
				973939462789FF7C006695AC /* Release */,
			);
			defaultConfigurationIsVisible = 0;
			defaultConfigurationName = Release;
		};
		973939472789FF7C006695AC /* Build configuration list for PBXNativeTarget "PSEUnofficialTests" */ = {
			isa = XCConfigurationList;
			buildConfigurations = (
				973939482789FF7C006695AC /* Debug */,
				973939492789FF7C006695AC /* Release */,
			);
			defaultConfigurationIsVisible = 0;
			defaultConfigurationName = Release;
		};
		9739394A2789FF7C006695AC /* Build configuration list for PBXNativeTarget "PSEUnofficialUITests" */ = {
			isa = XCConfigurationList;
			buildConfigurations = (
				9739394B2789FF7C006695AC /* Debug */,
				9739394C2789FF7C006695AC /* Release */,
			);
			defaultConfigurationIsVisible = 0;
			defaultConfigurationName = Release;
		};
/* End XCConfigurationList section */
	};
	rootObject = 973939182789FF79006695AC /* Project object */;
}
